{
  "name": "egldhmy-bridge",
  "lockfileVersion": 2,
  "requires": true,
  "packages": {
    "": {
      "dependencies": {
        "wabt": "^1.0.28"
      }
    },
    "node_modules/wabt": {
      "version": "1.0.28",
      "resolved": "https://registry.npmjs.org/wabt/-/wabt-1.0.28.tgz",
      "integrity": "sha512-icNMMmryZ8EKqB4POXnQW1xmq8xq21Ne9az26mcuRKn8WlPSNbRvA1t5fHt/6n8QVwv/oJ58zjBsqZn9Te1EaQ==",
      "bin": {
        "wasm-decompile": "bin/wasm-decompile",
        "wasm-interp": "bin/wasm-interp",
        "wasm-objdump": "bin/wasm-objdump",
        "wasm-opcodecnt": "bin/wasm-opcodecnt",
        "wasm-strip": "bin/wasm-strip",
        "wasm-validate": "bin/wasm-validate",
        "wasm2c": "bin/wasm2c",
        "wasm2wat": "bin/wasm2wat",
        "wat2wasm": "bin/wat2wasm"
      }
    }
  },
  "dependencies": {
    "wabt": {
      "version": "1.0.28",
      "resolved": "https://registry.npmjs.org/wabt/-/wabt-1.0.28.tgz",
      "integrity": "sha512-icNMMmryZ8EKqB4POXnQW1xmq8xq21Ne9az26mcuRKn8WlPSNbRvA1t5fHt/6n8QVwv/oJ58zjBsqZn9Te1EaQ=="
    }
  }
}
